// !$*UTF8*$!
{
	archiveVersion = 1;
	classes = {
	};
	objectVersion = 46;
	objects = {

/* Begin PBXBuildFile section */
		4705E0A71F6CB8AA0063F566 /* RxCollectionViewController.swift in Sources */ = {isa = PBXBuildFile; fileRef = 4705E0A51F6CB8AA0063F566 /* RxCollectionViewController.swift */; };
		4705E0A81F6CB8AA0063F566 /* RxCollectionViewController.xib in Resources */ = {isa = PBXBuildFile; fileRef = 4705E0A61F6CB8AA0063F566 /* RxCollectionViewController.xib */; };
		4705E0AB1F6CB8C00063F566 /* HeroModel.swift in Sources */ = {isa = PBXBuildFile; fileRef = 4705E0A91F6CB8C00063F566 /* HeroModel.swift */; };
		4705E0AC1F6CB8C00063F566 /* heros.plist in Resources */ = {isa = PBXBuildFile; fileRef = 4705E0AA1F6CB8C00063F566 /* heros.plist */; };
		4705E0AE1F6CB8C90063F566 /* HeroViewModel.swift in Sources */ = {isa = PBXBuildFile; fileRef = 4705E0AD1F6CB8C90063F566 /* HeroViewModel.swift */; };
		4705E0B11F6CB8D60063F566 /* RxTableViewCell.swift in Sources */ = {isa = PBXBuildFile; fileRef = 4705E0AF1F6CB8D60063F566 /* RxTableViewCell.swift */; };
		4705E0B21F6CB8D60063F566 /* RxTableViewCell.xib in Resources */ = {isa = PBXBuildFile; fileRef = 4705E0B01F6CB8D60063F566 /* RxTableViewCell.xib */; };
		4705E0B51F6CB9530063F566 /* LoginViewController.swift in Sources */ = {isa = PBXBuildFile; fileRef = 4705E0B31F6CB9530063F566 /* LoginViewController.swift */; };
		4705E0B61F6CB9530063F566 /* LoginViewController.xib in Resources */ = {isa = PBXBuildFile; fileRef = 4705E0B41F6CB9530063F566 /* LoginViewController.xib */; };
		4705E0B91F6CB9820063F566 /* RegisterViewController.swift in Sources */ = {isa = PBXBuildFile; fileRef = 4705E0B71F6CB9820063F566 /* RegisterViewController.swift */; };
		4705E0BA1F6CB9820063F566 /* RegisterViewController.xib in Resources */ = {isa = PBXBuildFile; fileRef = 4705E0B81F6CB9820063F566 /* RegisterViewController.xib */; };
		4705E0BC1F6CBF970063F566 /* InputValidator.swift in Sources */ = {isa = PBXBuildFile; fileRef = 4705E0BB1F6CBF970063F566 /* InputValidator.swift */; };
		4705E0BE1F6CC1430063F566 /* ResultProtocol.swift in Sources */ = {isa = PBXBuildFile; fileRef = 4705E0BD1F6CC1430063F566 /* ResultProtocol.swift */; };
		4705E0C21F6CD6EB0063F566 /* RegisterViewModel.swift in Sources */ = {isa = PBXBuildFile; fileRef = 4705E0C11F6CD6EB0063F566 /* RegisterViewModel.swift */; };
		474136161F6FE0240069902B /* RxTableViewController.swift in Sources */ = {isa = PBXBuildFile; fileRef = 474136141F6FE0240069902B /* RxTableViewController.swift */; };
		474136171F6FE0240069902B /* RxTableViewController.xib in Resources */ = {isa = PBXBuildFile; fileRef = 474136151F6FE0240069902B /* RxTableViewController.xib */; };
		4741361B1F6FFA120069902B /* AnchorViewModel.swift in Sources */ = {isa = PBXBuildFile; fileRef = 4741361A1F6FFA120069902B /* AnchorViewModel.swift */; };
		4741361D1F70A86E0069902B /* NetworkTools.swift in Sources */ = {isa = PBXBuildFile; fileRef = 4741361C1F70A86E0069902B /* NetworkTools.swift */; };
		474136241F70A8FF0069902B /* AnchorModel.swift in Sources */ = {isa = PBXBuildFile; fileRef = 474136231F70A8FF0069902B /* AnchorModel.swift */; };
		474136271F70A9B70069902B /* RxCollectionViewCell.swift in Sources */ = {isa = PBXBuildFile; fileRef = 474136251F70A9B70069902B /* RxCollectionViewCell.swift */; };
		474136281F70A9B70069902B /* RxCollectionViewCell.xib in Resources */ = {isa = PBXBuildFile; fileRef = 474136261F70A9B70069902B /* RxCollectionViewCell.xib */; };
		5B4D609BBA846FC82B946B6A /* Pods_RxSwift_Table_Collection.framework in Frameworks */ = {isa = PBXBuildFile; fileRef = 37E512BC2C8344DC831ED448 /* Pods_RxSwift_Table_Collection.framework */; };
		6A0DF5B31F6C0CFC002827B3 /* AppDelegate.swift in Sources */ = {isa = PBXBuildFile; fileRef = 6A0DF5B21F6C0CFC002827B3 /* AppDelegate.swift */; };
		6A0DF5B51F6C0CFC002827B3 /* ViewController.swift in Sources */ = {isa = PBXBuildFile; fileRef = 6A0DF5B41F6C0CFC002827B3 /* ViewController.swift */; };
		6A0DF5B81F6C0CFC002827B3 /* Main.storyboard in Resources */ = {isa = PBXBuildFile; fileRef = 6A0DF5B61F6C0CFC002827B3 /* Main.storyboard */; };
		6A0DF5BA1F6C0CFC002827B3 /* Assets.xcassets in Resources */ = {isa = PBXBuildFile; fileRef = 6A0DF5B91F6C0CFC002827B3 /* Assets.xcassets */; };
		6A0DF5BD1F6C0CFC002827B3 /* LaunchScreen.storyboard in Resources */ = {isa = PBXBuildFile; fileRef = 6A0DF5BB1F6C0CFC002827B3 /* LaunchScreen.storyboard */; };
/* End PBXBuildFile section */

/* Begin PBXFileReference section */
		37E512BC2C8344DC831ED448 /* Pods_RxSwift_Table_Collection.framework */ = {isa = PBXFileReference; explicitFileType = wrapper.framework; includeInIndex = 0; path = Pods_RxSwift_Table_Collection.framework; sourceTree = BUILT_PRODUCTS_DIR; };
		4705E0A51F6CB8AA0063F566 /* RxCollectionViewController.swift */ = {isa = PBXFileReference; fileEncoding = 4; lastKnownFileType = sourcecode.swift; path = RxCollectionViewController.swift; sourceTree = "<group>"; };
		4705E0A61F6CB8AA0063F566 /* RxCollectionViewController.xib */ = {isa = PBXFileReference; fileEncoding = 4; lastKnownFileType = file.xib; path = RxCollectionViewController.xib; sourceTree = "<group>"; };
		4705E0A91F6CB8C00063F566 /* HeroModel.swift */ = {isa = PBXFileReference; fileEncoding = 4; lastKnownFileType = sourcecode.swift; path = HeroModel.swift; sourceTree = "<group>"; };
		4705E0AA1F6CB8C00063F566 /* heros.plist */ = {isa = PBXFileReference; fileEncoding = 4; lastKnownFileType = text.plist.xml; path = heros.plist; sourceTree = "<group>"; };
		4705E0AD1F6CB8C90063F566 /* HeroViewModel.swift */ = {isa = PBXFileReference; fileEncoding = 4; lastKnownFileType = sourcecode.swift; path = HeroViewModel.swift; sourceTree = "<group>"; };
		4705E0AF1F6CB8D60063F566 /* RxTableViewCell.swift */ = {isa = PBXFileReference; fileEncoding = 4; lastKnownFileType = sourcecode.swift; path = RxTableViewCell.swift; sourceTree = "<group>"; };
		4705E0B01F6CB8D60063F566 /* RxTableViewCell.xib */ = {isa = PBXFileReference; fileEncoding = 4; lastKnownFileType = file.xib; path = RxTableViewCell.xib; sourceTree = "<group>"; };
		4705E0B31F6CB9530063F566 /* LoginViewController.swift */ = {isa = PBXFileReference; fileEncoding = 4; lastKnownFileType = sourcecode.swift; path = LoginViewController.swift; sourceTree = "<group>"; };
		4705E0B41F6CB9530063F566 /* LoginViewController.xib */ = {isa = PBXFileReference; fileEncoding = 4; lastKnownFileType = file.xib; path = LoginViewController.xib; sourceTree = "<group>"; };
		4705E0B71F6CB9820063F566 /* RegisterViewController.swift */ = {isa = PBXFileReference; fileEncoding = 4; lastKnownFileType = sourcecode.swift; path = RegisterViewController.swift; sourceTree = "<group>"; };
		4705E0B81F6CB9820063F566 /* RegisterViewController.xib */ = {isa = PBXFileReference; fileEncoding = 4; lastKnownFileType = file.xib; path = RegisterViewController.xib; sourceTree = "<group>"; };
		4705E0BB1F6CBF970063F566 /* InputValidator.swift */ = {isa = PBXFileReference; fileEncoding = 4; lastKnownFileType = sourcecode.swift; path = InputValidator.swift; sourceTree = "<group>"; };
		4705E0BD1F6CC1430063F566 /* ResultProtocol.swift */ = {isa = PBXFileReference; fileEncoding = 4; lastKnownFileType = sourcecode.swift; path = ResultProtocol.swift; sourceTree = "<group>"; };
		4705E0C11F6CD6EB0063F566 /* RegisterViewModel.swift */ = {isa = PBXFileReference; fileEncoding = 4; lastKnownFileType = sourcecode.swift; path = RegisterViewModel.swift; sourceTree = "<group>"; };
		474136141F6FE0240069902B /* RxTableViewController.swift */ = {isa = PBXFileReference; fileEncoding = 4; lastKnownFileType = sourcecode.swift; path = RxTableViewController.swift; sourceTree = "<group>"; };
		474136151F6FE0240069902B /* RxTableViewController.xib */ = {isa = PBXFileReference; fileEncoding = 4; lastKnownFileType = file.xib; path = RxTableViewController.xib; sourceTree = "<group>"; };
		4741361A1F6FFA120069902B /* AnchorViewModel.swift */ = {isa = PBXFileReference; fileEncoding = 4; lastKnownFileType = sourcecode.swift; path = AnchorViewModel.swift; sourceTree = "<group>"; };
		4741361C1F70A86E0069902B /* NetworkTools.swift */ = {isa = PBXFileReference; fileEncoding = 4; lastKnownFileType = sourcecode.swift; path = NetworkTools.swift; sourceTree = "<group>"; };
		474136231F70A8FF0069902B /* AnchorModel.swift */ = {isa = PBXFileReference; fileEncoding = 4; lastKnownFileType = sourcecode.swift; path = AnchorModel.swift; sourceTree = "<group>"; };
		474136251F70A9B70069902B /* RxCollectionViewCell.swift */ = {isa = PBXFileReference; fileEncoding = 4; lastKnownFileType = sourcecode.swift; path = RxCollectionViewCell.swift; sourceTree = "<group>"; };
		474136261F70A9B70069902B /* RxCollectionViewCell.xib */ = {isa = PBXFileReference; fileEncoding = 4; lastKnownFileType = file.xib; path = RxCollectionViewCell.xib; sourceTree = "<group>"; };
		47A44BB81F7646F10052750D /* RxSwift-Bridging-Header.h */ = {isa = PBXFileReference; lastKnownFileType = sourcecode.c.h; path = "RxSwift-Bridging-Header.h"; sourceTree = "<group>"; };
		6A0DF5AF1F6C0CFC002827B3 /* RxSwift-Table-Collection.app */ = {isa = PBXFileReference; explicitFileType = wrapper.application; includeInIndex = 0; path = "RxSwift-Table-Collection.app"; sourceTree = BUILT_PRODUCTS_DIR; };
		6A0DF5B21F6C0CFC002827B3 /* AppDelegate.swift */ = {isa = PBXFileReference; lastKnownFileType = sourcecode.swift; path = AppDelegate.swift; sourceTree = "<group>"; };
		6A0DF5B41F6C0CFC002827B3 /* ViewController.swift */ = {isa = PBXFileReference; lastKnownFileType = sourcecode.swift; path = ViewController.swift; sourceTree = "<group>"; };
		6A0DF5B71F6C0CFC002827B3 /* Base */ = {isa = PBXFileReference; lastKnownFileType = file.storyboard; name = Base; path = Base.lproj/Main.storyboard; sourceTree = "<group>"; };
		6A0DF5B91F6C0CFC002827B3 /* Assets.xcassets */ = {isa = PBXFileReference; lastKnownFileType = folder.assetcatalog; path = Assets.xcassets; sourceTree = "<group>"; };
		6A0DF5BC1F6C0CFC002827B3 /* Base */ = {isa = PBXFileReference; lastKnownFileType = file.storyboard; name = Base; path = Base.lproj/LaunchScreen.storyboard; sourceTree = "<group>"; };
		6A0DF5BE1F6C0CFC002827B3 /* Info.plist */ = {isa = PBXFileReference; lastKnownFileType = text.plist.xml; path = Info.plist; sourceTree = "<group>"; };
		A8B08835F7CBFF3EF178F7BC /* Pods-RxSwift-Table-Collection.release.xcconfig */ = {isa = PBXFileReference; includeInIndex = 1; lastKnownFileType = text.xcconfig; name = "Pods-RxSwift-Table-Collection.release.xcconfig"; path = "Pods/Target Support Files/Pods-RxSwift-Table-Collection/Pods-RxSwift-Table-Collection.release.xcconfig"; sourceTree = "<group>"; };
		E0DFDF221D14C98B6FB6C3FD /* Pods-RxSwift-Table-Collection.debug.xcconfig */ = {isa = PBXFileReference; includeInIndex = 1; lastKnownFileType = text.xcconfig; name = "Pods-RxSwift-Table-Collection.debug.xcconfig"; path = "Pods/Target Support Files/Pods-RxSwift-Table-Collection/Pods-RxSwift-Table-Collection.debug.xcconfig"; sourceTree = "<group>"; };
/* End PBXFileReference section */

/* Begin PBXFrameworksBuildPhase section */
		6A0DF5AC1F6C0CFC002827B3 /* Frameworks */ = {
			isa = PBXFrameworksBuildPhase;
			buildActionMask = 2147483647;
			files = (
				5B4D609BBA846FC82B946B6A /* Pods_RxSwift_Table_Collection.framework in Frameworks */,
			);
			runOnlyForDeploymentPostprocessing = 0;
		};
/* End PBXFrameworksBuildPhase section */

/* Begin PBXGroup section */
		15E2CCE12989F96C911339C7 /* Frameworks */ = {
			isa = PBXGroup;
			children = (
				37E512BC2C8344DC831ED448 /* Pods_RxSwift_Table_Collection.framework */,
			);
			name = Frameworks;
			sourceTree = "<group>";
		};
		4705E0941F6CB8660063F566 /* 登录注册 */ = {
			isa = PBXGroup;
			children = (
				4705E0951F6CB8660063F566 /* Controllers */,
				4705E0961F6CB8660063F566 /* Models */,
				4705E0971F6CB8660063F566 /* ViewModels */,
				4705E0981F6CB8660063F566 /* Views */,
			);
			path = "登录注册";
			sourceTree = "<group>";
		};
		4705E0951F6CB8660063F566 /* Controllers */ = {
			isa = PBXGroup;
			children = (
				4705E0B31F6CB9530063F566 /* LoginViewController.swift */,
				4705E0B41F6CB9530063F566 /* LoginViewController.xib */,
				4705E0B71F6CB9820063F566 /* RegisterViewController.swift */,
				4705E0B81F6CB9820063F566 /* RegisterViewController.xib */,
			);
			path = Controllers;
			sourceTree = "<group>";
		};
		4705E0961F6CB8660063F566 /* Models */ = {
			isa = PBXGroup;
			children = (
				4705E0BB1F6CBF970063F566 /* InputValidator.swift */,
				4705E0BD1F6CC1430063F566 /* ResultProtocol.swift */,
			);
			path = Models;
			sourceTree = "<group>";
		};
		4705E0971F6CB8660063F566 /* ViewModels */ = {
			isa = PBXGroup;
			children = (
				4705E0C11F6CD6EB0063F566 /* RegisterViewModel.swift */,
			);
			path = ViewModels;
			sourceTree = "<group>";
		};
		4705E0981F6CB8660063F566 /* Views */ = {
			isa = PBXGroup;
			children = (
			);
			path = Views;
			sourceTree = "<group>";
		};
		4705E0991F6CB8660063F566 /* UICollectionView */ = {
			isa = PBXGroup;
			children = (
				474136221F70A8F40069902B /* Model */,
				4705E09A1F6CB8660063F566 /* Controllers */,
				4705E09C1F6CB8660063F566 /* ViewModels */,
				4705E09D1F6CB8660063F566 /* Views */,
			);
			path = UICollectionView;
			sourceTree = "<group>";
		};
		4705E09A1F6CB8660063F566 /* Controllers */ = {
			isa = PBXGroup;
			children = (
				4705E0A51F6CB8AA0063F566 /* RxCollectionViewController.swift */,
				4705E0A61F6CB8AA0063F566 /* RxCollectionViewController.xib */,
			);
			path = Controllers;
			sourceTree = "<group>";
		};
		4705E09C1F6CB8660063F566 /* ViewModels */ = {
			isa = PBXGroup;
			children = (
				4741361A1F6FFA120069902B /* AnchorViewModel.swift */,
				4741361C1F70A86E0069902B /* NetworkTools.swift */,
			);
			path = ViewModels;
			sourceTree = "<group>";
		};
		4705E09D1F6CB8660063F566 /* Views */ = {
			isa = PBXGroup;
			children = (
				474136251F70A9B70069902B /* RxCollectionViewCell.swift */,
				474136261F70A9B70069902B /* RxCollectionViewCell.xib */,
			);
			path = Views;
			sourceTree = "<group>";
		};
		4705E09E1F6CB8660063F566 /* UITableView */ = {
			isa = PBXGroup;
			children = (
				4705E09F1F6CB8660063F566 /* Controllers */,
				4705E0A01F6CB8660063F566 /* Models */,
				4705E0A11F6CB8660063F566 /* ViewModels */,
				4705E0A21F6CB8660063F566 /* Views */,
			);
			path = UITableView;
			sourceTree = "<group>";
		};
		4705E09F1F6CB8660063F566 /* Controllers */ = {
			isa = PBXGroup;
			children = (
				474136141F6FE0240069902B /* RxTableViewController.swift */,
				474136151F6FE0240069902B /* RxTableViewController.xib */,
			);
			path = Controllers;
			sourceTree = "<group>";
		};
		4705E0A01F6CB8660063F566 /* Models */ = {
			isa = PBXGroup;
			children = (
				4705E0A91F6CB8C00063F566 /* HeroModel.swift */,
				4705E0AA1F6CB8C00063F566 /* heros.plist */,
			);
			path = Models;
			sourceTree = "<group>";
		};
		4705E0A11F6CB8660063F566 /* ViewModels */ = {
			isa = PBXGroup;
			children = (
				4705E0AD1F6CB8C90063F566 /* HeroViewModel.swift */,
			);
			path = ViewModels;
			sourceTree = "<group>";
		};
		4705E0A21F6CB8660063F566 /* Views */ = {
			isa = PBXGroup;
			children = (
				4705E0AF1F6CB8D60063F566 /* RxTableViewCell.swift */,
				4705E0B01F6CB8D60063F566 /* RxTableViewCell.xib */,
			);
			path = Views;
			sourceTree = "<group>";
		};
		474136221F70A8F40069902B /* Model */ = {
			isa = PBXGroup;
			children = (
				474136231F70A8FF0069902B /* AnchorModel.swift */,
			);
			path = Model;
			sourceTree = "<group>";
		};
		6A0DF5A61F6C0CFC002827B3 = {
			isa = PBXGroup;
			children = (
				6A0DF5B11F6C0CFC002827B3 /* RxSwift-Table-Collection */,
				6A0DF5B01F6C0CFC002827B3 /* Products */,
				D58F0D678E52C8F843BDD8D5 /* Pods */,
				15E2CCE12989F96C911339C7 /* Frameworks */,
			);
			sourceTree = "<group>";
		};
		6A0DF5B01F6C0CFC002827B3 /* Products */ = {
			isa = PBXGroup;
			children = (
				6A0DF5AF1F6C0CFC002827B3 /* RxSwift-Table-Collection.app */,
			);
			name = Products;
			sourceTree = "<group>";
		};
		6A0DF5B11F6C0CFC002827B3 /* RxSwift-Table-Collection */ = {
			isa = PBXGroup;
			children = (
				4705E0941F6CB8660063F566 /* 登录注册 */,
				4705E0991F6CB8660063F566 /* UICollectionView */,
				4705E09E1F6CB8660063F566 /* UITableView */,
				6A0DF5B21F6C0CFC002827B3 /* AppDelegate.swift */,
				47A44BB81F7646F10052750D /* RxSwift-Bridging-Header.h */,
				6A0DF5B41F6C0CFC002827B3 /* ViewController.swift */,
				6A0DF5B61F6C0CFC002827B3 /* Main.storyboard */,
				6A0DF5B91F6C0CFC002827B3 /* Assets.xcassets */,
				6A0DF5BB1F6C0CFC002827B3 /* LaunchScreen.storyboard */,
				6A0DF5BE1F6C0CFC002827B3 /* Info.plist */,
			);
			path = "RxSwift-Table-Collection";
			sourceTree = "<group>";
		};
		D58F0D678E52C8F843BDD8D5 /* Pods */ = {
			isa = PBXGroup;
			children = (
				E0DFDF221D14C98B6FB6C3FD /* Pods-RxSwift-Table-Collection.debug.xcconfig */,
				A8B08835F7CBFF3EF178F7BC /* Pods-RxSwift-Table-Collection.release.xcconfig */,
			);
			name = Pods;
			sourceTree = "<group>";
		};
/* End PBXGroup section */

/* Begin PBXNativeTarget section */
		6A0DF5AE1F6C0CFC002827B3 /* RxSwift-Table-Collection */ = {
			isa = PBXNativeTarget;
			buildConfigurationList = 6A0DF5C11F6C0CFD002827B3 /* Build configuration list for PBXNativeTarget "RxSwift-Table-Collection" */;
			buildPhases = (
				6CDE6AD6C14F102A110678A3 /* [CP] Check Pods Manifest.lock */,
				6A0DF5AB1F6C0CFC002827B3 /* Sources */,
				6A0DF5AC1F6C0CFC002827B3 /* Frameworks */,
				6A0DF5AD1F6C0CFC002827B3 /* Resources */,
				66C22A5F2A522C50C22656D3 /* [CP] Embed Pods Frameworks */,
				B8D9D15DA790931D35576291 /* [CP] Copy Pods Resources */,
			);
			buildRules = (
			);
			dependencies = (
			);
			name = "RxSwift-Table-Collection";
			productName = "RxSwift-Table-Collection";
			productReference = 6A0DF5AF1F6C0CFC002827B3 /* RxSwift-Table-Collection.app */;
			productType = "com.apple.product-type.application";
		};
/* End PBXNativeTarget section */

/* Begin PBXProject section */
		6A0DF5A71F6C0CFC002827B3 /* Project object */ = {
			isa = PBXProject;
			attributes = {
				LastSwiftUpdateCheck = 0830;
				LastUpgradeCheck = 0830;
				ORGANIZATIONNAME = Quanjun;
				TargetAttributes = {
					6A0DF5AE1F6C0CFC002827B3 = {
						CreatedOnToolsVersion = 8.3.2;
						DevelopmentTeam = 39D8T9VWXG;
						ProvisioningStyle = Automatic;
					};
				};
			};
			buildConfigurationList = 6A0DF5AA1F6C0CFC002827B3 /* Build configuration list for PBXProject "RxSwift-Table-Collection" */;
			compatibilityVersion = "Xcode 3.2";
			developmentRegion = English;
			hasScannedForEncodings = 0;
			knownRegions = (
				en,
				Base,
			);
			mainGroup = 6A0DF5A61F6C0CFC002827B3;
			productRefGroup = 6A0DF5B01F6C0CFC002827B3 /* Products */;
			projectDirPath = "";
			projectRoot = "";
			targets = (
				6A0DF5AE1F6C0CFC002827B3 /* RxSwift-Table-Collection */,
			);
		};
/* End PBXProject section */

/* Begin PBXResourcesBuildPhase section */
		6A0DF5AD1F6C0CFC002827B3 /* Resources */ = {
			isa = PBXResourcesBuildPhase;
			buildActionMask = 2147483647;
			files = (
				474136171F6FE0240069902B /* RxTableViewController.xib in Resources */,
				4705E0A81F6CB8AA0063F566 /* RxCollectionViewController.xib in Resources */,
				6A0DF5BD1F6C0CFC002827B3 /* LaunchScreen.storyboard in Resources */,
				6A0DF5BA1F6C0CFC002827B3 /* Assets.xcassets in Resources */,
				6A0DF5B81F6C0CFC002827B3 /* Main.storyboard in Resources */,
				4705E0AC1F6CB8C00063F566 /* heros.plist in Resources */,
				474136281F70A9B70069902B /* RxCollectionViewCell.xib in Resources */,
				4705E0B61F6CB9530063F566 /* LoginViewController.xib in Resources */,
				4705E0B21F6CB8D60063F566 /* RxTableViewCell.xib in Resources */,
				4705E0BA1F6CB9820063F566 /* RegisterViewController.xib in Resources */,
			);
			runOnlyForDeploymentPostprocessing = 0;
		};
/* End PBXResourcesBuildPhase section */

/* Begin PBXShellScriptBuildPhase section */
		66C22A5F2A522C50C22656D3 /* [CP] Embed Pods Frameworks */ = {
			isa = PBXShellScriptBuildPhase;
			buildActionMask = 2147483647;
			files = (
			);
			inputPaths = (
				"${SRCROOT}/Pods/Target Support Files/Pods-RxSwift-Table-Collection/Pods-RxSwift-Table-Collection-frameworks.sh",
				"${BUILT_PRODUCTS_DIR}/Alamofire/Alamofire.framework",
				"${BUILT_PRODUCTS_DIR}/Differentiator/Differentiator.framework",
				"${BUILT_PRODUCTS_DIR}/Kingfisher/Kingfisher.framework",
				"${BUILT_PRODUCTS_DIR}/MJRefresh/MJRefresh.framework",
				"${BUILT_PRODUCTS_DIR}/Moya/Moya.framework",
				"${BUILT_PRODUCTS_DIR}/ObjectMapper/ObjectMapper.framework",
				"${BUILT_PRODUCTS_DIR}/Result/Result.framework",
				"${BUILT_PRODUCTS_DIR}/RxCocoa/RxCocoa.framework",
				"${BUILT_PRODUCTS_DIR}/RxDataSources/RxDataSources.framework",
				"${BUILT_PRODUCTS_DIR}/RxSwift/RxSwift.framework",
				"${BUILT_PRODUCTS_DIR}/SVProgressHUD/SVProgressHUD.framework",
			);
			name = "[CP] Embed Pods Frameworks";
			outputPaths = (
				"${TARGET_BUILD_DIR}/${FRAMEWORKS_FOLDER_PATH}/Alamofire.framework",
				"${TARGET_BUILD_DIR}/${FRAMEWORKS_FOLDER_PATH}/Differentiator.framework",
				"${TARGET_BUILD_DIR}/${FRAMEWORKS_FOLDER_PATH}/Kingfisher.framework",
				"${TARGET_BUILD_DIR}/${FRAMEWORKS_FOLDER_PATH}/MJRefresh.framework",
				"${TARGET_BUILD_DIR}/${FRAMEWORKS_FOLDER_PATH}/Moya.framework",
				"${TARGET_BUILD_DIR}/${FRAMEWORKS_FOLDER_PATH}/ObjectMapper.framework",
				"${TARGET_BUILD_DIR}/${FRAMEWORKS_FOLDER_PATH}/Result.framework",
				"${TARGET_BUILD_DIR}/${FRAMEWORKS_FOLDER_PATH}/RxCocoa.framework",
				"${TARGET_BUILD_DIR}/${FRAMEWORKS_FOLDER_PATH}/RxDataSources.framework",
				"${TARGET_BUILD_DIR}/${FRAMEWORKS_FOLDER_PATH}/RxSwift.framework",
				"${TARGET_BUILD_DIR}/${FRAMEWORKS_FOLDER_PATH}/SVProgressHUD.framework",
			);
			runOnlyForDeploymentPostprocessing = 0;
			shellPath = /bin/sh;
			shellScript = "\"${SRCROOT}/Pods/Target Support Files/Pods-RxSwift-Table-Collection/Pods-RxSwift-Table-Collection-frameworks.sh\"\n";
			showEnvVarsInLog = 0;
		};
		6CDE6AD6C14F102A110678A3 /* [CP] Check Pods Manifest.lock */ = {
			isa = PBXShellScriptBuildPhase;
			buildActionMask = 2147483647;
			files = (
			);
			inputPaths = (
				"${PODS_PODFILE_DIR_PATH}/Podfile.lock",
				"${PODS_ROOT}/Manifest.lock",
			);
			name = "[CP] Check Pods Manifest.lock";
			outputPaths = (
				"$(DERIVED_FILE_DIR)/Pods-RxSwift-Table-Collection-checkManifestLockResult.txt",
			);
			runOnlyForDeploymentPostprocessing = 0;
			shellPath = /bin/sh;
			shellScript = "diff \"${PODS_PODFILE_DIR_PATH}/Podfile.lock\" \"${PODS_ROOT}/Manifest.lock\" > /dev/null\nif [ $? != 0 ] ; then\n    # print error to STDERR\n    echo \"error: The sandbox is not in sync with the Podfile.lock. Run 'pod install' or update your CocoaPods installation.\" >&2\n    exit 1\nfi\n# This output is used by Xcode 'outputs' to avoid re-running this script phase.\necho \"SUCCESS\" > \"${SCRIPT_OUTPUT_FILE_0}\"\n";
			showEnvVarsInLog = 0;
		};
		B8D9D15DA790931D35576291 /* [CP] Copy Pods Resources */ = {
			isa = PBXShellScriptBuildPhase;
			buildActionMask = 2147483647;
			files = (
			);
			inputPaths = (
			);
			name = "[CP] Copy Pods Resources";
			outputPaths = (
			);
			runOnlyForDeploymentPostprocessing = 0;
			shellPath = /bin/sh;
			shellScript = "\"${SRCROOT}/Pods/Target Support Files/Pods-RxSwift-Table-Collection/Pods-RxSwift-Table-Collection-resources.sh\"\n";
			showEnvVarsInLog = 0;
		};
/* End PBXShellScriptBuildPhase section */

/* Begin PBXSourcesBuildPhase section */
		6A0DF5AB1F6C0CFC002827B3 /* Sources */ = {
			isa = PBXSourcesBuildPhase;
			buildActionMask = 2147483647;
			files = (
				4741361D1F70A86E0069902B /* NetworkTools.swift in Sources */,
				474136241F70A8FF0069902B /* AnchorModel.swift in Sources */,
				4705E0B91F6CB9820063F566 /* RegisterViewController.swift in Sources */,
				4705E0A71F6CB8AA0063F566 /* RxCollectionViewController.swift in Sources */,
				4705E0B11F6CB8D60063F566 /* RxTableViewCell.swift in Sources */,
				474136161F6FE0240069902B /* RxTableViewController.swift in Sources */,
				474136271F70A9B70069902B /* RxCollectionViewCell.swift in Sources */,
				6A0DF5B51F6C0CFC002827B3 /* ViewController.swift in Sources */,
				4705E0BC1F6CBF970063F566 /* InputValidator.swift in Sources */,
				4741361B1F6FFA120069902B /* AnchorViewModel.swift in Sources */,
				4705E0B51F6CB9530063F566 /* LoginViewController.swift in Sources */,
				6A0DF5B31F6C0CFC002827B3 /* AppDelegate.swift in Sources */,
				4705E0C21F6CD6EB0063F566 /* RegisterViewModel.swift in Sources */,
				4705E0BE1F6CC1430063F566 /* ResultProtocol.swift in Sources */,
				4705E0AE1F6CB8C90063F566 /* HeroViewModel.swift in Sources */,
				4705E0AB1F6CB8C00063F566 /* HeroModel.swift in Sources */,
			);
			runOnlyForDeploymentPostprocessing = 0;
		};
/* End PBXSourcesBuildPhase section */

/* Begin PBXVariantGroup section */
		6A0DF5B61F6C0CFC002827B3 /* Main.storyboard */ = {
			isa = PBXVariantGroup;
			children = (
				6A0DF5B71F6C0CFC002827B3 /* Base */,
			);
			name = Main.storyboard;
			sourceTree = "<group>";
		};
		6A0DF5BB1F6C0CFC002827B3 /* LaunchScreen.storyboard */ = {
			isa = PBXVariantGroup;
			children = (
				6A0DF5BC1F6C0CFC002827B3 /* Base */,
			);
			name = LaunchScreen.storyboard;
			sourceTree = "<group>";
		};
/* End PBXVariantGroup section */

/* Begin XCBuildConfiguration section */
		6A0DF5BF1F6C0CFD002827B3 /* Debug */ = {
			isa = XCBuildConfiguration;
			buildSettings = {
				ALWAYS_SEARCH_USER_PATHS = NO;
				CLANG_ANALYZER_NONNULL = YES;
				CLANG_ANALYZER_NUMBER_OBJECT_CONVERSION = YES_AGGRESSIVE;
				CLANG_CXX_LANGUAGE_STANDARD = "gnu++0x";
				CLANG_CXX_LIBRARY = "libc++";
				CLANG_ENABLE_MODULES = YES;
				CLANG_ENABLE_OBJC_ARC = YES;
				CLANG_WARN_BOOL_CONVERSION = YES;
				CLANG_WARN_CONSTANT_CONVERSION = YES;
				CLANG_WARN_DIRECT_OBJC_ISA_USAGE = YES_ERROR;
				CLANG_WARN_DOCUMENTATION_COMMENTS = YES;
				CLANG_WARN_EMPTY_BODY = YES;
				CLANG_WARN_ENUM_CONVERSION = YES;
				CLANG_WARN_INFINITE_RECURSION = YES;
				CLANG_WARN_INT_CONVERSION = YES;
				CLANG_WARN_OBJC_ROOT_CLASS = YES_ERROR;
				CLANG_WARN_SUSPICIOUS_MOVE = YES;
				CLANG_WARN_UNREACHABLE_CODE = YES;
				CLANG_WARN__DUPLICATE_METHOD_MATCH = YES;
				"CODE_SIGN_IDENTITY[sdk=iphoneos*]" = "iPhone Developer";
				COPY_PHASE_STRIP = NO;
				DEBUG_INFORMATION_FORMAT = dwarf;
				ENABLE_STRICT_OBJC_MSGSEND = YES;
				ENABLE_TESTABILITY = YES;
				GCC_C_LANGUAGE_STANDARD = gnu99;
				GCC_DYNAMIC_NO_PIC = NO;
				GCC_NO_COMMON_BLOCKS = YES;
				GCC_OPTIMIZATION_LEVEL = 0;
				GCC_PREPROCESSOR_DEFINITIONS = (
					"DEBUG=1",
					"$(inherited)",
				);
				GCC_WARN_64_TO_32_BIT_CONVERSION = YES;
				GCC_WARN_ABOUT_RETURN_TYPE = YES_ERROR;
				GCC_WARN_UNDECLARED_SELECTOR = YES;
				GCC_WARN_UNINITIALIZED_AUTOS = YES_AGGRESSIVE;
				GCC_WARN_UNUSED_FUNCTION = YES;
				GCC_WARN_UNUSED_VARIABLE = YES;
				IPHONEOS_DEPLOYMENT_TARGET = 10.3;
				MTL_ENABLE_DEBUG_INFO = YES;
				ONLY_ACTIVE_ARCH = YES;
				SDKROOT = iphoneos;
				SWIFT_ACTIVE_COMPILATION_CONDITIONS = DEBUG;
				SWIFT_OPTIMIZATION_LEVEL = "-Onone";
				TARGETED_DEVICE_FAMILY = "1,2";
			};
			name = Debug;
		};
		6A0DF5C01F6C0CFD002827B3 /* Release */ = {
			isa = XCBuildConfiguration;
			buildSettings = {
				ALWAYS_SEARCH_USER_PATHS = NO;
				CLANG_ANALYZER_NONNULL = YES;
				CLANG_ANALYZER_NUMBER_OBJECT_CONVERSION = YES_AGGRESSIVE;
				CLANG_CXX_LANGUAGE_STANDARD = "gnu++0x";
				CLANG_CXX_LIBRARY = "libc++";
				CLANG_ENABLE_MODULES = YES;
				CLANG_ENABLE_OBJC_ARC = YES;
				CLANG_WARN_BOOL_CONVERSION = YES;
				CLANG_WARN_CONSTANT_CONVERSION = YES;
				CLANG_WARN_DIRECT_OBJC_ISA_USAGE = YES_ERROR;
				CLANG_WARN_DOCUMENTATION_COMMENTS = YES;
				CLANG_WARN_EMPTY_BODY = YES;
				CLANG_WARN_ENUM_CONVERSION = YES;
				CLANG_WARN_INFINITE_RECURSION = YES;
				CLANG_WARN_INT_CONVERSION = YES;
				CLANG_WARN_OBJC_ROOT_CLASS = YES_ERROR;
				CLANG_WARN_SUSPICIOUS_MOVE = YES;
				CLANG_WARN_UNREACHABLE_CODE = YES;
				CLANG_WARN__DUPLICATE_METHOD_MATCH = YES;
				"CODE_SIGN_IDENTITY[sdk=iphoneos*]" = "iPhone Developer";
				COPY_PHASE_STRIP = NO;
				DEBUG_INFORMATION_FORMAT = "dwarf-with-dsym";
				ENABLE_NS_ASSERTIONS = NO;
				ENABLE_STRICT_OBJC_MSGSEND = YES;
				GCC_C_LANGUAGE_STANDARD = gnu99;
				GCC_NO_COMMON_BLOCKS = YES;
				GCC_WARN_64_TO_32_BIT_CONVERSION = YES;
				GCC_WARN_ABOUT_RETURN_TYPE = YES_ERROR;
				GCC_WARN_UNDECLARED_SELECTOR = YES;
				GCC_WARN_UNINITIALIZED_AUTOS = YES_AGGRESSIVE;
				GCC_WARN_UNUSED_FUNCTION = YES;
				GCC_WARN_UNUSED_VARIABLE = YES;
				IPHONEOS_DEPLOYMENT_TARGET = 10.3;
				MTL_ENABLE_DEBUG_INFO = NO;
				SDKROOT = iphoneos;
				SWIFT_OPTIMIZATION_LEVEL = "-Owholemodule";
				TARGETED_DEVICE_FAMILY = "1,2";
				VALIDATE_PRODUCT = YES;
			};
			name = Release;
		};
		6A0DF5C21F6C0CFD002827B3 /* Debug */ = {
			isa = XCBuildConfiguration;
			baseConfigurationReference = E0DFDF221D14C98B6FB6C3FD /* Pods-RxSwift-Table-Collection.debug.xcconfig */;
			buildSettings = {
				ASSETCATALOG_COMPILER_APPICON_NAME = AppIcon;
				DEVELOPMENT_TEAM = 39D8T9VWXG;
				INFOPLIST_FILE = "RxSwift-Table-Collection/Info.plist";
				IPHONEOS_DEPLOYMENT_TARGET = 10.3;
				LD_RUNPATH_SEARCH_PATHS = "$(inherited) @executable_path/Frameworks";
				PRODUCT_BUNDLE_IDENTIFIER = "com.quanjun.www.RxSwift-Table-Collection";
				PRODUCT_NAME = "$(TARGET_NAME)";
				SWIFT_OBJC_BRIDGING_HEADER = "/Users/iOS_Tian/Desktop/Xcode8/RxSwift-Table-Collection/RxSwift-Table-Collection1/RxSwift-Table-Collection/RxSwift-Bridging-Header.h";
				SWIFT_VERSION = 3.0;
				USER_HEADER_SEARCH_PATHS = "${SRCROOT}/**";
			};
			name = Debug;
		};
		6A0DF5C31F6C0CFD002827B3 /* Release */ = {
			isa = XCBuildConfiguration;
			baseConfigurationReference = A8B08835F7CBFF3EF178F7BC /* Pods-RxSwift-Table-Collection.release.xcconfig */;
			buildSettings = {
				ASSETCATALOG_COMPILER_APPICON_NAME = AppIcon;
				DEVELOPMENT_TEAM = 39D8T9VWXG;
				INFOPLIST_FILE = "RxSwift-Table-Collection/Info.plist";
				IPHONEOS_DEPLOYMENT_TARGET = 10.3;
				LD_RUNPATH_SEARCH_PATHS = "$(inherited) @executable_path/Frameworks";
				PRODUCT_BUNDLE_IDENTIFIER = "com.quanjun.www.RxSwift-Table-Collection";
				PRODUCT_NAME = "$(TARGET_NAME)";
				SWIFT_OBJC_BRIDGING_HEADER = "/Users/iOS_Tian/Desktop/Xcode8/RxSwift-Table-Collection/RxSwift-Table-Collection1/RxSwift-Table-Collection/RxSwift-Bridging-Header.h";
				SWIFT_VERSION = 3.0;
				USER_HEADER_SEARCH_PATHS = "${SRCROOT}/**";
			};
			name = Release;
		};
/* End XCBuildConfiguration section */

/* Begin XCConfigurationList section */
		6A0DF5AA1F6C0CFC002827B3 /* Build configuration list for PBXProject "RxSwift-Table-Collection" */ = {
			isa = XCConfigurationList;
			buildConfigurations = (
				6A0DF5BF1F6C0CFD002827B3 /* Debug */,
				6A0DF5C01F6C0CFD002827B3 /* Release */,
			);
			defaultConfigurationIsVisible = 0;
			defaultConfigurationName = Release;
		};
		6A0DF5C11F6C0CFD002827B3 /* Build configuration list for PBXNativeTarget "RxSwift-Table-Collection" */ = {
			isa = XCConfigurationList;
			buildConfigurations = (
				6A0DF5C21F6C0CFD002827B3 /* Debug */,
				6A0DF5C31F6C0CFD002827B3 /* Release */,
			);
			defaultConfigurationIsVisible = 0;
			defaultConfigurationName = Release;
		};
/* End XCConfigurationList section */
	};
	rootObject = 6A0DF5A71F6C0CFC002827B3 /* Project object */;
}
